
Microsoft Visual Studio Solution File, Format Version 12.00
# Visual Studio Version 17
VisualStudioVersion = 17.5.002.0
MinimumVisualStudioVersion = 10.0.40219.1
Project("{9A19103F-16F7-4668-BE54-9A1E7A4F7556}") = "pos_system", "pos_system.csproj", "{670C89F6-69A9-40EF-8DEF-6443D8A7680D}"
EndProject
Global
	GlobalSection(SolutionConfigurationPlatforms) = preSolution
		Debug|Any CPU = Debug|Any CPU
		Release|Any CPU = Release|Any CPU
	EndGlobalSection
	GlobalSection(ProjectConfigurationPlatforms) = postSolution
		{670C89F6-69A9-40EF-8DEF-6443D8A7680D}.Debug|Any CPU.ActiveCfg = Debug|Any CPU
		{670C89F6-69A9-40EF-8DEF-6443D8A7680D}.Debug|Any CPU.Build.0 = Debug|Any CPU
		{670C89F6-69A9-40EF-8DEF-6443D8A7680D}.Release|Any CPU.ActiveCfg = Release|Any CPU
		{670C89F6-69A9-40EF-8DEF-6443D8A7680D}.Release|Any CPU.Build.0 = Release|Any CPU
	EndGlobalSection
	GlobalSection(SolutionProperties) = preSolution
		HideSolutionNode = FALSE
	EndGlobalSection
	GlobalSection(ExtensibilityGlobals) = postSolution
		SolutionGuid = {074C8394-A8B9-4AAD-A697-43E80EDE145E}
	EndGlobalSection
EndGlobal
